
Microsoft Visual Studio Solution File, Format Version 12.00
# Visual Studio 2015
Project("{FAE04EC0-301F-11D3-BF4B-00C04F79EFBC}") = "Colorful Change_new - コピー", "Colorful Change_new - コピー.csproj", "{B95B72D2-114F-4AE0-FA8C-6CC4E2EBEA0A}"
EndProject
Global
	GlobalSection(SolutionConfigurationPlatforms) = preSolution
		Debug|Any CPU = Debug|Any CPU
		Release|Any CPU = Release|Any CPU
	EndGlobalSection
	GlobalSection(ProjectConfigurationPlatforms) = postSolution
		{B95B72D2-114F-4AE0-FA8C-6CC4E2EBEA0A}.Debug|Any CPU.ActiveCfg = Debug|Any CPU
		{B95B72D2-114F-4AE0-FA8C-6CC4E2EBEA0A}.Debug|Any CPU.Build.0 = Debug|Any CPU
		{B95B72D2-114F-4AE0-FA8C-6CC4E2EBEA0A}.Release|Any CPU.ActiveCfg = Release|Any CPU
		{B95B72D2-114F-4AE0-FA8C-6CC4E2EBEA0A}.Release|Any CPU.Build.0 = Release|Any CPU
	EndGlobalSection
	GlobalSection(SolutionProperties) = preSolution
		HideSolutionNode = FALSE
	EndGlobalSection
EndGlobal
